
Microsoft Visual Studio Solution File, Format Version 12.00
# Visual Studio Version 17
VisualStudioVersion = 17.9.34728.123
MinimumVisualStudioVersion = 10.0.40219.1
Project("{8BC9CEB8-8B4A-11D0-8D11-00A0C91BC942}") = "MT3_01_02_確認課題", "MT3_01_02_確認課題.vcxproj", "{609DDBBB-18BC-4AE5-AA06-9F628162ED11}"
EndProject
Global
	GlobalSection(SolutionConfigurationPlatforms) = preSolution
		Debug|x64 = Debug|x64
		Release|x64 = Release|x64
	EndGlobalSection
	GlobalSection(ProjectConfigurationPlatforms) = postSolution
		{609DDBBB-18BC-4AE5-AA06-9F628162ED11}.Debug|x64.ActiveCfg = Debug|x64
		{609DDBBB-18BC-4AE5-AA06-9F628162ED11}.Debug|x64.Build.0 = Debug|x64
		{609DDBBB-18BC-4AE5-AA06-9F628162ED11}.Release|x64.ActiveCfg = Release|x64
		{609DDBBB-18BC-4AE5-AA06-9F628162ED11}.Release|x64.Build.0 = Release|x64
	EndGlobalSection
	GlobalSection(SolutionProperties) = preSolution
		HideSolutionNode = FALSE
	EndGlobalSection
	GlobalSection(ExtensibilityGlobals) = postSolution
		SolutionGuid = {FD7E00FF-C5CA-4039-9FAA-9EB8C96FE158}
	EndGlobalSection
EndGlobal
